
Microsoft Visual Studio Solution File, Format Version 12.00
# Visual Studio Version 16
VisualStudioVersion = 16.0.31729.503
MinimumVisualStudioVersion = 10.0.40219.1
Project("{9A19103F-16F7-4668-BE54-9A1E7A4F7556}") = "WebApp", "WebApp\WebApp.csproj", "{6C1AABDC-F293-4940-B1D9-DBABADFFC17C}"
EndProject
Project("{9A19103F-16F7-4668-BE54-9A1E7A4F7556}") = "UseCases", "UserCases\UseCases.csproj", "{A756FF43-E42F-4D20-8358-01296910430D}"
EndProject
Project("{9A19103F-16F7-4668-BE54-9A1E7A4F7556}") = "CoreBusiness", "CoreBusiness\CoreBusiness.csproj", "{96772B84-DBDF-45B0-A760-8275BBC31985}"
EndProject
Project("{9A19103F-16F7-4668-BE54-9A1E7A4F7556}") = "Plugins.DataStore.InMemory", "Plugins.DataStore.InMemory\Plugins.DataStore.InMemory.csproj", "{6DE7EC04-2F15-4616-AABA-5DBFDDB358EC}"
EndProject
Project("{FAE04EC0-301F-11D3-BF4B-00C04F79EFBC}") = "Plugins.DataStore.Sql", "Plugins.DataStore.Sql\Plugins.DataStore.Sql.csproj", "{A4326790-547A-41E8-ADD8-4257370B250B}"
EndProject
Global
	GlobalSection(SolutionConfigurationPlatforms) = preSolution
		Debug|Any CPU = Debug|Any CPU
		Release|Any CPU = Release|Any CPU
	EndGlobalSection
	GlobalSection(ProjectConfigurationPlatforms) = postSolution
		{6C1AABDC-F293-4940-B1D9-DBABADFFC17C}.Debug|Any CPU.ActiveCfg = Debug|Any CPU
		{6C1AABDC-F293-4940-B1D9-DBABADFFC17C}.Debug|Any CPU.Build.0 = Debug|Any CPU
		{6C1AABDC-F293-4940-B1D9-DBABADFFC17C}.Release|Any CPU.ActiveCfg = Release|Any CPU
		{6C1AABDC-F293-4940-B1D9-DBABADFFC17C}.Release|Any CPU.Build.0 = Release|Any CPU
		{A756FF43-E42F-4D20-8358-01296910430D}.Debug|Any CPU.ActiveCfg = Debug|Any CPU
		{A756FF43-E42F-4D20-8358-01296910430D}.Debug|Any CPU.Build.0 = Debug|Any CPU
		{A756FF43-E42F-4D20-8358-01296910430D}.Release|Any CPU.ActiveCfg = Release|Any CPU
		{A756FF43-E42F-4D20-8358-01296910430D}.Release|Any CPU.Build.0 = Release|Any CPU
		{96772B84-DBDF-45B0-A760-8275BBC31985}.Debug|Any CPU.ActiveCfg = Debug|Any CPU
		{96772B84-DBDF-45B0-A760-8275BBC31985}.Debug|Any CPU.Build.0 = Debug|Any CPU
		{96772B84-DBDF-45B0-A760-8275BBC31985}.Release|Any CPU.ActiveCfg = Release|Any CPU
		{96772B84-DBDF-45B0-A760-8275BBC31985}.Release|Any CPU.Build.0 = Release|Any CPU
		{6DE7EC04-2F15-4616-AABA-5DBFDDB358EC}.Debug|Any CPU.ActiveCfg = Debug|Any CPU
		{6DE7EC04-2F15-4616-AABA-5DBFDDB358EC}.Debug|Any CPU.Build.0 = Debug|Any CPU
		{6DE7EC04-2F15-4616-AABA-5DBFDDB358EC}.Release|Any CPU.ActiveCfg = Release|Any CPU
		{6DE7EC04-2F15-4616-AABA-5DBFDDB358EC}.Release|Any CPU.Build.0 = Release|Any CPU
		{A4326790-547A-41E8-ADD8-4257370B250B}.Debug|Any CPU.ActiveCfg = Debug|Any CPU
		{A4326790-547A-41E8-ADD8-4257370B250B}.Debug|Any CPU.Build.0 = Debug|Any CPU
		{A4326790-547A-41E8-ADD8-4257370B250B}.Release|Any CPU.ActiveCfg = Release|Any CPU
		{A4326790-547A-41E8-ADD8-4257370B250B}.Release|Any CPU.Build.0 = Release|Any CPU
	EndGlobalSection
	GlobalSection(SolutionProperties) = preSolution
		HideSolutionNode = FALSE
	EndGlobalSection
	GlobalSection(ExtensibilityGlobals) = postSolution
		SolutionGuid = {1AFFCA9E-9574-400F-B0EB-583EF1DC980A}
	EndGlobalSection
EndGlobal
